
Microsoft Visual Studio Solution File, Format Version 12.00
# Visual Studio Version 17
VisualStudioVersion = 17.11.35327.3
MinimumVisualStudioVersion = 10.0.40219.1
Project("{9A19103F-16F7-4668-BE54-9A1E7A4F7556}") = "AplicacionesVarias", "..\AplicacionesVarias\AplicacionesVarias.csproj", "{64F1D02A-2CAD-4F8C-B7F4-17E80781785B}"
EndProject
Global
	GlobalSection(SolutionConfigurationPlatforms) = preSolution
		Debug|Any CPU = Debug|Any CPU
		Release|Any CPU = Release|Any CPU
	EndGlobalSection
	GlobalSection(ProjectConfigurationPlatforms) = postSolution
		{64F1D02A-2CAD-4F8C-B7F4-17E80781785B}.Debug|Any CPU.ActiveCfg = Debug|Any CPU
		{64F1D02A-2CAD-4F8C-B7F4-17E80781785B}.Debug|Any CPU.Build.0 = Debug|Any CPU
		{64F1D02A-2CAD-4F8C-B7F4-17E80781785B}.Release|Any CPU.ActiveCfg = Release|Any CPU
		{64F1D02A-2CAD-4F8C-B7F4-17E80781785B}.Release|Any CPU.Build.0 = Release|Any CPU
	EndGlobalSection
	GlobalSection(SolutionProperties) = preSolution
		HideSolutionNode = FALSE
	EndGlobalSection
	GlobalSection(ExtensibilityGlobals) = postSolution
		SolutionGuid = {FBFEE8F1-1E41-449A-8D4A-8D4CE58F8E64}
	EndGlobalSection
EndGlobal
